
Microsoft Visual Studio Solution File, Format Version 12.00
# Visual Studio Version 17
VisualStudioVersion = 17.4.33213.308
MinimumVisualStudioVersion = 10.0.40219.1
Project("{9A19103F-16F7-4668-BE54-9A1E7A4F7556}") = "text-to-speech", "text-to-speech.csproj", "{ABA65641-AD3A-4D69-B0CC-476FFA55276C}"
EndProject
Global
	GlobalSection(SolutionConfigurationPlatforms) = preSolution
		Debug|Any CPU = Debug|Any CPU
		Release|Any CPU = Release|Any CPU
	EndGlobalSection
	GlobalSection(ProjectConfigurationPlatforms) = postSolution
		{ABA65641-AD3A-4D69-B0CC-476FFA55276C}.Debug|Any CPU.ActiveCfg = Debug|Any CPU
		{ABA65641-AD3A-4D69-B0CC-476FFA55276C}.Debug|Any CPU.Build.0 = Debug|Any CPU
		{ABA65641-AD3A-4D69-B0CC-476FFA55276C}.Release|Any CPU.ActiveCfg = Release|Any CPU
		{ABA65641-AD3A-4D69-B0CC-476FFA55276C}.Release|Any CPU.Build.0 = Release|Any CPU
	EndGlobalSection
	GlobalSection(SolutionProperties) = preSolution
		HideSolutionNode = FALSE
	EndGlobalSection
	GlobalSection(ExtensibilityGlobals) = postSolution
		SolutionGuid = {C21676F4-6949-4C09-AEDF-1E8FC33CAF1D}
	EndGlobalSection
EndGlobal
